// !$*UTF8*$!
{
	archiveVersion = 1;
	classes = {
	};
	objectVersion = 50;
	objects = {

/* Begin PBXBuildFile section */
		254DE90E22F1CD7D0014A500 /* ViewModel.swift in Sources */ = {isa = PBXBuildFile; fileRef = 254DE90D22F1CD7D0014A500 /* ViewModel.swift */; };
		254DE91322F1D0220014A500 /* Colors.swift in Sources */ = {isa = PBXBuildFile; fileRef = 254DE91222F1D0220014A500 /* Colors.swift */; };
		25E225F022F195DA00098DA6 /* AppDelegate.swift in Sources */ = {isa = PBXBuildFile; fileRef = 25E225EF22F195DA00098DA6 /* AppDelegate.swift */; };
		25E225F222F195DA00098DA6 /* SceneDelegate.swift in Sources */ = {isa = PBXBuildFile; fileRef = 25E225F122F195DA00098DA6 /* SceneDelegate.swift */; };
		25E225F622F195DC00098DA6 /* Assets.xcassets in Resources */ = {isa = PBXBuildFile; fileRef = 25E225F522F195DC00098DA6 /* Assets.xcassets */; };
		25E225F922F195DC00098DA6 /* Preview Assets.xcassets in Resources */ = {isa = PBXBuildFile; fileRef = 25E225F822F195DC00098DA6 /* Preview Assets.xcassets */; };
		25E225FC22F195DC00098DA6 /* LaunchScreen.storyboard in Resources */ = {isa = PBXBuildFile; fileRef = 25E225FA22F195DC00098DA6 /* LaunchScreen.storyboard */; };
		25FC427922F1A0F000343F96 /* LoginView.swift in Sources */ = {isa = PBXBuildFile; fileRef = 25FC427822F1A0F000343F96 /* LoginView.swift */; };
		25FC427D22F1B5E300343F96 /* LoginViewModel.swift in Sources */ = {isa = PBXBuildFile; fileRef = 25FC427C22F1B5E300343F96 /* LoginViewModel.swift */; };
/* End PBXBuildFile section */

/* Begin PBXCopyFilesBuildPhase section */
		25FC426E22F19A8500343F96 /* Embed Frameworks */ = {
			isa = PBXCopyFilesBuildPhase;
			buildActionMask = 2147483647;
			dstPath = "";
			dstSubfolderSpec = 10;
			files = (
			);
			name = "Embed Frameworks";
			runOnlyForDeploymentPostprocessing = 0;
		};
/* End PBXCopyFilesBuildPhase section */

/* Begin PBXFileReference section */
		254DE90D22F1CD7D0014A500 /* ViewModel.swift */ = {isa = PBXFileReference; lastKnownFileType = sourcecode.swift; path = ViewModel.swift; sourceTree = "<group>"; };
		254DE91222F1D0220014A500 /* Colors.swift */ = {isa = PBXFileReference; lastKnownFileType = sourcecode.swift; path = Colors.swift; sourceTree = "<group>"; };
		25E225EC22F195DA00098DA6 /* ROLIQUE.app */ = {isa = PBXFileReference; explicitFileType = wrapper.application; includeInIndex = 0; path = ROLIQUE.app; sourceTree = BUILT_PRODUCTS_DIR; };
		25E225EF22F195DA00098DA6 /* AppDelegate.swift */ = {isa = PBXFileReference; lastKnownFileType = sourcecode.swift; path = AppDelegate.swift; sourceTree = "<group>"; };
		25E225F122F195DA00098DA6 /* SceneDelegate.swift */ = {isa = PBXFileReference; lastKnownFileType = sourcecode.swift; path = SceneDelegate.swift; sourceTree = "<group>"; };
		25E225F522F195DC00098DA6 /* Assets.xcassets */ = {isa = PBXFileReference; lastKnownFileType = folder.assetcatalog; path = Assets.xcassets; sourceTree = "<group>"; };
		25E225F822F195DC00098DA6 /* Preview Assets.xcassets */ = {isa = PBXFileReference; lastKnownFileType = folder.assetcatalog; path = "Preview Assets.xcassets"; sourceTree = "<group>"; };
		25E225FB22F195DC00098DA6 /* Base */ = {isa = PBXFileReference; lastKnownFileType = file.storyboard; name = Base; path = Base.lproj/LaunchScreen.storyboard; sourceTree = "<group>"; };
		25E225FD22F195DC00098DA6 /* Info.plist */ = {isa = PBXFileReference; lastKnownFileType = text.plist.xml; path = Info.plist; sourceTree = "<group>"; };
		25FC427822F1A0F000343F96 /* LoginView.swift */ = {isa = PBXFileReference; lastKnownFileType = sourcecode.swift; path = LoginView.swift; sourceTree = "<group>"; };
		25FC427C22F1B5E300343F96 /* LoginViewModel.swift */ = {isa = PBXFileReference; lastKnownFileType = sourcecode.swift; path = LoginViewModel.swift; sourceTree = "<group>"; };
/* End PBXFileReference section */

/* Begin PBXFrameworksBuildPhase section */
		25E225E922F195DA00098DA6 /* Frameworks */ = {
			isa = PBXFrameworksBuildPhase;
			buildActionMask = 2147483647;
			files = (
			);
			runOnlyForDeploymentPostprocessing = 0;
		};
/* End PBXFrameworksBuildPhase section */

/* Begin PBXGroup section */
		254DE90F22F1CEAA0014A500 /* Helper */ = {
			isa = PBXGroup;
			children = (
				254DE91222F1D0220014A500 /* Colors.swift */,
			);
			path = Helper;
			sourceTree = "<group>";
		};
		254DE91122F1CEC30014A500 /* Resources */ = {
			isa = PBXGroup;
			children = (
				25E225F722F195DC00098DA6 /* Preview Content */,
				25E225EF22F195DA00098DA6 /* AppDelegate.swift */,
				25E225F122F195DA00098DA6 /* SceneDelegate.swift */,
				25E225F522F195DC00098DA6 /* Assets.xcassets */,
				25E225FA22F195DC00098DA6 /* LaunchScreen.storyboard */,
				25E225FD22F195DC00098DA6 /* Info.plist */,
			);
			path = Resources;
			sourceTree = "<group>";
		};
		25E225E322F195DA00098DA6 = {
			isa = PBXGroup;
			children = (
				25E225EE22F195DA00098DA6 /* ROLIQUE */,
				25E225ED22F195DA00098DA6 /* Products */,
			);
			sourceTree = "<group>";
		};
		25E225ED22F195DA00098DA6 /* Products */ = {
			isa = PBXGroup;
			children = (
				25E225EC22F195DA00098DA6 /* ROLIQUE.app */,
			);
			name = Products;
			sourceTree = "<group>";
		};
		25E225EE22F195DA00098DA6 /* ROLIQUE */ = {
			isa = PBXGroup;
			children = (
				254DE90F22F1CEAA0014A500 /* Helper */,
				25FC427722F1A0E700343F96 /* Login */,
				25FC427422F19C8600343F96 /* Base */,
				254DE91122F1CEC30014A500 /* Resources */,
			);
			path = ROLIQUE;
			sourceTree = "<group>";
		};
		25E225F722F195DC00098DA6 /* Preview Content */ = {
			isa = PBXGroup;
			children = (
				25E225F822F195DC00098DA6 /* Preview Assets.xcassets */,
			);
			path = "Preview Content";
			sourceTree = "<group>";
		};
		25FC427422F19C8600343F96 /* Base */ = {
			isa = PBXGroup;
			children = (
				254DE90D22F1CD7D0014A500 /* ViewModel.swift */,
			);
			path = Base;
			sourceTree = "<group>";
		};
		25FC427722F1A0E700343F96 /* Login */ = {
			isa = PBXGroup;
			children = (
				25FC427822F1A0F000343F96 /* LoginView.swift */,
				25FC427C22F1B5E300343F96 /* LoginViewModel.swift */,
			);
			path = Login;
			sourceTree = "<group>";
		};
/* End PBXGroup section */

/* Begin PBXNativeTarget section */
		25E225EB22F195DA00098DA6 /* ROLIQUE */ = {
			isa = PBXNativeTarget;
			buildConfigurationList = 25E2260022F195DC00098DA6 /* Build configuration list for PBXNativeTarget "ROLIQUE" */;
			buildPhases = (
				25E225E822F195DA00098DA6 /* Sources */,
				25E225E922F195DA00098DA6 /* Frameworks */,
				25E225EA22F195DA00098DA6 /* Resources */,
				25FC426E22F19A8500343F96 /* Embed Frameworks */,
			);
			buildRules = (
			);
			dependencies = (
			);
			name = ROLIQUE;
			productName = ROLIQUE;
			productReference = 25E225EC22F195DA00098DA6 /* ROLIQUE.app */;
			productType = "com.apple.product-type.application";
		};
/* End PBXNativeTarget section */

/* Begin PBXProject section */
		25E225E422F195DA00098DA6 /* Project object */ = {
			isa = PBXProject;
			attributes = {
				LastSwiftUpdateCheck = 1100;
				LastUpgradeCheck = 1100;
				ORGANIZATIONNAME = "Bohdan Savych";
				TargetAttributes = {
					25E225EB22F195DA00098DA6 = {
						CreatedOnToolsVersion = 11.0;
					};
				};
			};
			buildConfigurationList = 25E225E722F195DA00098DA6 /* Build configuration list for PBXProject "ROLIQUE" */;
			compatibilityVersion = "Xcode 9.3";
			developmentRegion = en;
			hasScannedForEncodings = 0;
			knownRegions = (
				en,
				Base,
			);
			mainGroup = 25E225E322F195DA00098DA6;
			productRefGroup = 25E225ED22F195DA00098DA6 /* Products */;
			projectDirPath = "";
			projectRoot = "";
			targets = (
				25E225EB22F195DA00098DA6 /* ROLIQUE */,
			);
		};
/* End PBXProject section */

/* Begin PBXResourcesBuildPhase section */
		25E225EA22F195DA00098DA6 /* Resources */ = {
			isa = PBXResourcesBuildPhase;
			buildActionMask = 2147483647;
			files = (
				25E225FC22F195DC00098DA6 /* LaunchScreen.storyboard in Resources */,
				25E225F922F195DC00098DA6 /* Preview Assets.xcassets in Resources */,
				25E225F622F195DC00098DA6 /* Assets.xcassets in Resources */,
			);
			runOnlyForDeploymentPostprocessing = 0;
		};
/* End PBXResourcesBuildPhase section */

/* Begin PBXSourcesBuildPhase section */
		25E225E822F195DA00098DA6 /* Sources */ = {
			isa = PBXSourcesBuildPhase;
			buildActionMask = 2147483647;
			files = (
				25FC427922F1A0F000343F96 /* LoginView.swift in Sources */,
				254DE91322F1D0220014A500 /* Colors.swift in Sources */,
				25E225F022F195DA00098DA6 /* AppDelegate.swift in Sources */,
				25E225F222F195DA00098DA6 /* SceneDelegate.swift in Sources */,
				254DE90E22F1CD7D0014A500 /* ViewModel.swift in Sources */,
				25FC427D22F1B5E300343F96 /* LoginViewModel.swift in Sources */,
			);
			runOnlyForDeploymentPostprocessing = 0;
		};
/* End PBXSourcesBuildPhase section */

/* Begin PBXVariantGroup section */
		25E225FA22F195DC00098DA6 /* LaunchScreen.storyboard */ = {
			isa = PBXVariantGroup;
			children = (
				25E225FB22F195DC00098DA6 /* Base */,
			);
			name = LaunchScreen.storyboard;
			sourceTree = "<group>";
		};
/* End PBXVariantGroup section */

/* Begin XCBuildConfiguration section */
		25E225FE22F195DC00098DA6 /* Debug */ = {
			isa = XCBuildConfiguration;
			buildSettings = {
				ALWAYS_SEARCH_USER_PATHS = NO;
				CLANG_ANALYZER_NONNULL = YES;
				CLANG_ANALYZER_NUMBER_OBJECT_CONVERSION = YES_AGGRESSIVE;
				CLANG_CXX_LANGUAGE_STANDARD = "gnu++14";
				CLANG_CXX_LIBRARY = "libc++";
				CLANG_ENABLE_MODULES = YES;
				CLANG_ENABLE_OBJC_ARC = YES;
				CLANG_ENABLE_OBJC_WEAK = YES;
				CLANG_WARN_BLOCK_CAPTURE_AUTORELEASING = YES;
				CLANG_WARN_BOOL_CONVERSION = YES;
				CLANG_WARN_COMMA = YES;
				CLANG_WARN_CONSTANT_CONVERSION = YES;
				CLANG_WARN_DEPRECATED_OBJC_IMPLEMENTATIONS = YES;
				CLANG_WARN_DIRECT_OBJC_ISA_USAGE = YES_ERROR;
				CLANG_WARN_DOCUMENTATION_COMMENTS = YES;
				CLANG_WARN_EMPTY_BODY = YES;
				CLANG_WARN_ENUM_CONVERSION = YES;
				CLANG_WARN_INFINITE_RECURSION = YES;
				CLANG_WARN_INT_CONVERSION = YES;
				CLANG_WARN_NON_LITERAL_NULL_CONVERSION = YES;
				CLANG_WARN_OBJC_IMPLICIT_RETAIN_SELF = YES;
				CLANG_WARN_OBJC_LITERAL_CONVERSION = YES;
				CLANG_WARN_OBJC_ROOT_CLASS = YES_ERROR;
				CLANG_WARN_RANGE_LOOP_ANALYSIS = YES;
				CLANG_WARN_STRICT_PROTOTYPES = YES;
				CLANG_WARN_SUSPICIOUS_MOVE = YES;
				CLANG_WARN_UNGUARDED_AVAILABILITY = YES_AGGRESSIVE;
				CLANG_WARN_UNREACHABLE_CODE = YES;
				CLANG_WARN__DUPLICATE_METHOD_MATCH = YES;
				COPY_PHASE_STRIP = NO;
				DEBUG_INFORMATION_FORMAT = dwarf;
				ENABLE_STRICT_OBJC_MSGSEND = YES;
				ENABLE_TESTABILITY = YES;
				GCC_C_LANGUAGE_STANDARD = gnu11;
				GCC_DYNAMIC_NO_PIC = NO;
				GCC_NO_COMMON_BLOCKS = YES;
				GCC_OPTIMIZATION_LEVEL = 0;
				GCC_PREPROCESSOR_DEFINITIONS = (
					"DEBUG=1",
					"$(inherited)",
				);
				GCC_WARN_64_TO_32_BIT_CONVERSION = YES;
				GCC_WARN_ABOUT_RETURN_TYPE = YES_ERROR;
				GCC_WARN_UNDECLARED_SELECTOR = YES;
				GCC_WARN_UNINITIALIZED_AUTOS = YES_AGGRESSIVE;
				GCC_WARN_UNUSED_FUNCTION = YES;
				GCC_WARN_UNUSED_VARIABLE = YES;
				IPHONEOS_DEPLOYMENT_TARGET = 13.0;
				MTL_ENABLE_DEBUG_INFO = INCLUDE_SOURCE;
				MTL_FAST_MATH = YES;
				ONLY_ACTIVE_ARCH = YES;
				SDKROOT = iphoneos;
				SWIFT_ACTIVE_COMPILATION_CONDITIONS = DEBUG;
				SWIFT_OPTIMIZATION_LEVEL = "-Onone";
			};
			name = Debug;
		};
		25E225FF22F195DC00098DA6 /* Release */ = {
			isa = XCBuildConfiguration;
			buildSettings = {
				ALWAYS_SEARCH_USER_PATHS = NO;
				CLANG_ANALYZER_NONNULL = YES;
				CLANG_ANALYZER_NUMBER_OBJECT_CONVERSION = YES_AGGRESSIVE;
				CLANG_CXX_LANGUAGE_STANDARD = "gnu++14";
				CLANG_CXX_LIBRARY = "libc++";
				CLANG_ENABLE_MODULES = YES;
				CLANG_ENABLE_OBJC_ARC = YES;
				CLANG_ENABLE_OBJC_WEAK = YES;
				CLANG_WARN_BLOCK_CAPTURE_AUTORELEASING = YES;
				CLANG_WARN_BOOL_CONVERSION = YES;
				CLANG_WARN_COMMA = YES;
				CLANG_WARN_CONSTANT_CONVERSION = YES;
				CLANG_WARN_DEPRECATED_OBJC_IMPLEMENTATIONS = YES;
				CLANG_WARN_DIRECT_OBJC_ISA_USAGE = YES_ERROR;
				CLANG_WARN_DOCUMENTATION_COMMENTS = YES;
				CLANG_WARN_EMPTY_BODY = YES;
				CLANG_WARN_ENUM_CONVERSION = YES;
				CLANG_WARN_INFINITE_RECURSION = YES;
				CLANG_WARN_INT_CONVERSION = YES;
				CLANG_WARN_NON_LITERAL_NULL_CONVERSION = YES;
				CLANG_WARN_OBJC_IMPLICIT_RETAIN_SELF = YES;
				CLANG_WARN_OBJC_LITERAL_CONVERSION = YES;
				CLANG_WARN_OBJC_ROOT_CLASS = YES_ERROR;
				CLANG_WARN_RANGE_LOOP_ANALYSIS = YES;
				CLANG_WARN_STRICT_PROTOTYPES = YES;
				CLANG_WARN_SUSPICIOUS_MOVE = YES;
				CLANG_WARN_UNGUARDED_AVAILABILITY = YES_AGGRESSIVE;
				CLANG_WARN_UNREACHABLE_CODE = YES;
				CLANG_WARN__DUPLICATE_METHOD_MATCH = YES;
				COPY_PHASE_STRIP = NO;
				DEBUG_INFORMATION_FORMAT = "dwarf-with-dsym";
				ENABLE_NS_ASSERTIONS = NO;
				ENABLE_STRICT_OBJC_MSGSEND = YES;
				GCC_C_LANGUAGE_STANDARD = gnu11;
				GCC_NO_COMMON_BLOCKS = YES;
				GCC_WARN_64_TO_32_BIT_CONVERSION = YES;
				GCC_WARN_ABOUT_RETURN_TYPE = YES_ERROR;
				GCC_WARN_UNDECLARED_SELECTOR = YES;
				GCC_WARN_UNINITIALIZED_AUTOS = YES_AGGRESSIVE;
				GCC_WARN_UNUSED_FUNCTION = YES;
				GCC_WARN_UNUSED_VARIABLE = YES;
				IPHONEOS_DEPLOYMENT_TARGET = 13.0;
				MTL_ENABLE_DEBUG_INFO = NO;
				MTL_FAST_MATH = YES;
				SDKROOT = iphoneos;
				SWIFT_COMPILATION_MODE = wholemodule;
				SWIFT_OPTIMIZATION_LEVEL = "-O";
				VALIDATE_PRODUCT = YES;
			};
			name = Release;
		};
		25E2260122F195DC00098DA6 /* Debug */ = {
			isa = XCBuildConfiguration;
			buildSettings = {
				ASSETCATALOG_COMPILER_APPICON_NAME = AppIcon;
				CODE_SIGN_STYLE = Automatic;
				DEVELOPMENT_ASSET_PATHS = "ROLIQUE/Resources/Preview\\ Content";
				DEVELOPMENT_TEAM = ZL58JZZ8KD;
				ENABLE_PREVIEWS = YES;
				INFOPLIST_FILE = ROLIQUE/Resources/Info.plist;
				LD_RUNPATH_SEARCH_PATHS = (
					"$(inherited)",
					"@executable_path/Frameworks",
				);
				PRODUCT_BUNDLE_IDENTIFIER = io.rolique.ROLIQUE;
				PRODUCT_NAME = "$(TARGET_NAME)";
				SWIFT_VERSION = 5.0;
				TARGETED_DEVICE_FAMILY = "1,2";
			};
			name = Debug;
		};
		25E2260222F195DC00098DA6 /* Release */ = {
			isa = XCBuildConfiguration;
			buildSettings = {
				ASSETCATALOG_COMPILER_APPICON_NAME = AppIcon;
				CODE_SIGN_STYLE = Automatic;
				DEVELOPMENT_ASSET_PATHS = "ROLIQUE/Resources/Preview\\ Content";
				DEVELOPMENT_TEAM = ZL58JZZ8KD;
				ENABLE_PREVIEWS = YES;
				INFOPLIST_FILE = ROLIQUE/Resources/Info.plist;
				LD_RUNPATH_SEARCH_PATHS = (
					"$(inherited)",
					"@executable_path/Frameworks",
				);
				PRODUCT_BUNDLE_IDENTIFIER = io.rolique.ROLIQUE;
				PRODUCT_NAME = "$(TARGET_NAME)";
				SWIFT_VERSION = 5.0;
				TARGETED_DEVICE_FAMILY = "1,2";
			};
			name = Release;
		};
/* End XCBuildConfiguration section */

/* Begin XCConfigurationList section */
		25E225E722F195DA00098DA6 /* Build configuration list for PBXProject "ROLIQUE" */ = {
			isa = XCConfigurationList;
			buildConfigurations = (
				25E225FE22F195DC00098DA6 /* Debug */,
				25E225FF22F195DC00098DA6 /* Release */,
			);
			defaultConfigurationIsVisible = 0;
			defaultConfigurationName = Release;
		};
		25E2260022F195DC00098DA6 /* Build configuration list for PBXNativeTarget "ROLIQUE" */ = {
			isa = XCConfigurationList;
			buildConfigurations = (
				25E2260122F195DC00098DA6 /* Debug */,
				25E2260222F195DC00098DA6 /* Release */,
			);
			defaultConfigurationIsVisible = 0;
			defaultConfigurationName = Release;
		};
/* End XCConfigurationList section */
	};
	rootObject = 25E225E422F195DA00098DA6 /* Project object */;
}
